Microsoft Visual Studio Solution File, Format Version 12.00
# Visual Studio Version 17
VisualStudioVersion = 17.14.35906.104
MinimumVisualStudioVersion = 10.0.40219.1
Project("{FAE04EC0-301F-11D3-BF4B-00C04F79EFBC}") = "MauiLib1", "MauiLib1\MauiLib1.csproj", "{8B1AC81B-DFDD-A0F2-E471-9802BB7E5826}"
EndProject
Global
	GlobalSection(SolutionConfigurationPlatforms) = preSolution
		Debug|Any CPU = Debug|Any CPU
		Release|Any CPU = Release|Any CPU
	EndGlobalSection
	GlobalSection(ProjectConfigurationPlatforms) = postSolution
		{8B1AC81B-DFDD-A0F2-E471-9802BB7E5826}.Debug|Any CPU.ActiveCfg = Debug|Any CPU
		{8B1AC81B-DFDD-A0F2-E471-9802BB7E5826}.Debug|Any CPU.Build.0 = Debug|Any CPU
		{8B1AC81B-DFDD-A0F2-E471-9802BB7E5826}.Release|Any CPU.ActiveCfg = Release|Any CPU
		{8B1AC81B-DFDD-A0F2-E471-9802BB7E5826}.Release|Any CPU.Build.0 = Release|Any CPU
	EndGlobalSection
	GlobalSection(SolutionProperties) = preSolution
		HideSolutionNode = FALSE
	EndGlobalSection
	GlobalSection(ExtensibilityGlobals) = postSolution
		SolutionGuid = {376D30E6-E188-4D81-B3BF-607A9CC5AF7B}
	EndGlobalSection
EndGlobal
